
Microsoft Visual Studio Solution File, Format Version 12.00
# Visual Studio 15
VisualStudioVersion = 15.0.27703.2035
MinimumVisualStudioVersion = 10.0.40219.1
Project("{FAE04EC0-301F-11D3-BF4B-00C04F79EFBC}") = "BunifuDatePickerDemo", "BunifuDatePickerDemo\BunifuDatePickerDemo.csproj", "{AE6DB709-A246-47CA-A43B-5CBD74CB2C43}"
EndProject
Global
	GlobalSection(SolutionConfigurationPlatforms) = preSolution
		Debug|Any CPU = Debug|Any CPU
		Release|Any CPU = Release|Any CPU
	EndGlobalSection
	GlobalSection(ProjectConfigurationPlatforms) = postSolution
		{AE6DB709-A246-47CA-A43B-5CBD74CB2C43}.Debug|Any CPU.ActiveCfg = Debug|Any CPU
		{AE6DB709-A246-47CA-A43B-5CBD74CB2C43}.Debug|Any CPU.Build.0 = Debug|Any CPU
		{AE6DB709-A246-47CA-A43B-5CBD74CB2C43}.Release|Any CPU.ActiveCfg = Release|Any CPU
		{AE6DB709-A246-47CA-A43B-5CBD74CB2C43}.Release|Any CPU.Build.0 = Release|Any CPU
	EndGlobalSection
	GlobalSection(SolutionProperties) = preSolution
		HideSolutionNode = FALSE
	EndGlobalSection
	GlobalSection(ExtensibilityGlobals) = postSolution
		SolutionGuid = {5C08512A-9EE2-4ED7-9458-DE29D2BA15AD}
	EndGlobalSection
EndGlobal
